{
  "name": "shanbot",
  "version": "0.0.2",
  "lockfileVersion": 1,
  "requires": true,
  "dependencies": {
    "imgbb-uploader": {
      "version": "1.3.5",
      "resolved": "https://registry.npmjs.org/imgbb-uploader/-/imgbb-uploader-1.3.5.tgz",
      "integrity": "sha512-3OcEZj2DYVYooWc4ndiq8gn5GyoUAEGg5mrBgUH5ozkZ/RMoyYBQ0t8ikmfzW+F2aF3uGJ75zXmkm2TywK7feQ=="
    }
  }
}
